// !$*UTF8*$!
{
	archiveVersion = 1;
	classes = {
	};
	objectVersion = 46;
	objects = {

/* Begin PBXBuildFile section */
		F37BA25A1AC931D700283A3B /* AlertAction.swift in Sources */ = {isa = PBXBuildFile; fileRef = F37BA2451AC931D700283A3B /* AlertAction.swift */; };
		F37BA25B1AC931D700283A3B /* AppDelegate.swift in Sources */ = {isa = PBXBuildFile; fileRef = F37BA2461AC931D700283A3B /* AppDelegate.swift */; };
		F37BA25C1AC931D700283A3B /* LaunchScreen.xib in Resources */ = {isa = PBXBuildFile; fileRef = F37BA2471AC931D700283A3B /* LaunchScreen.xib */; };
		F37BA25D1AC931D700283A3B /* DefaultPathAlertView.swift in Sources */ = {isa = PBXBuildFile; fileRef = F37BA2491AC931D700283A3B /* DefaultPathAlertView.swift */; };
		F37BA25E1AC931D700283A3B /* DismissAnimationManager.swift in Sources */ = {isa = PBXBuildFile; fileRef = F37BA24A1AC931D700283A3B /* DismissAnimationManager.swift */; };
		F37BA25F1AC931D700283A3B /* glass.png in Resources */ = {isa = PBXBuildFile; fileRef = F37BA24B1AC931D700283A3B /* glass.png */; };
		F37BA2601AC931D700283A3B /* Images.xcassets in Resources */ = {isa = PBXBuildFile; fileRef = F37BA24C1AC931D700283A3B /* Images.xcassets */; };
		F37BA2621AC931D700283A3B /* PTAlertBackgroundView.swift in Sources */ = {isa = PBXBuildFile; fileRef = F37BA24E1AC931D700283A3B /* PTAlertBackgroundView.swift */; };
		F37BA2631AC931D700283A3B /* PTAlertView.swift in Sources */ = {isa = PBXBuildFile; fileRef = F37BA2501AC931D700283A3B /* PTAlertView.swift */; };
		F37BA2641AC931D700283A3B /* PTAlertViewController.swift in Sources */ = {isa = PBXBuildFile; fileRef = F37BA2511AC931D700283A3B /* PTAlertViewController.swift */; };
		F37BA2651AC931D700283A3B /* sample.png in Resources */ = {isa = PBXBuildFile; fileRef = F37BA2521AC931D700283A3B /* sample.png */; };
		F37BA2661AC931D700283A3B /* SampleAlertView.swift in Sources */ = {isa = PBXBuildFile; fileRef = F37BA2531AC931D700283A3B /* SampleAlertView.swift */; };
		F37BA2671AC931D700283A3B /* SampleAlertView.xib in Resources */ = {isa = PBXBuildFile; fileRef = F37BA2541AC931D700283A3B /* SampleAlertView.xib */; };
		F37BA2681AC931D700283A3B /* SampleCollectionViewCell.xib in Resources */ = {isa = PBXBuildFile; fileRef = F37BA2551AC931D700283A3B /* SampleCollectionViewCell.xib */; };
		F37BA2691AC931D700283A3B /* SampleRedAlertView.xib in Resources */ = {isa = PBXBuildFile; fileRef = F37BA2561AC931D700283A3B /* SampleRedAlertView.xib */; };
		F37BA26A1AC931D700283A3B /* SampleViewController.swift in Sources */ = {isa = PBXBuildFile; fileRef = F37BA2571AC931D700283A3B /* SampleViewController.swift */; };
		F37BA26B1AC931D700283A3B /* SampleViewController.xib in Resources */ = {isa = PBXBuildFile; fileRef = F37BA2581AC931D700283A3B /* SampleViewController.xib */; };
		F37BA26C1AC931D700283A3B /* ShowAnimationManager.swift in Sources */ = {isa = PBXBuildFile; fileRef = F37BA2591AC931D700283A3B /* ShowAnimationManager.swift */; };
		F37BA2761AC9320900283A3B /* PTAlertViewTests.swift in Sources */ = {isa = PBXBuildFile; fileRef = F37BA2741AC9320900283A3B /* PTAlertViewTests.swift */; };
		F37BA27D1AC94BA400283A3B /* alertView.gif in Resources */ = {isa = PBXBuildFile; fileRef = F37BA27C1AC94BA400283A3B /* alertView.gif */; };
/* End PBXBuildFile section */

/* Begin PBXContainerItemProxy section */
		F39BE7601AC3D96500EC97EB /* PBXContainerItemProxy */ = {
			isa = PBXContainerItemProxy;
			containerPortal = F39BE7421AC3D96500EC97EB /* Project object */;
			proxyType = 1;
			remoteGlobalIDString = F39BE7491AC3D96500EC97EB;
			remoteInfo = PathAlertView;
		};
/* End PBXContainerItemProxy section */

/* Begin PBXFileReference section */
		F37BA2451AC931D700283A3B /* AlertAction.swift */ = {isa = PBXFileReference; fileEncoding = 4; lastKnownFileType = sourcecode.swift; path = AlertAction.swift; sourceTree = "<group>"; };
		F37BA2461AC931D700283A3B /* AppDelegate.swift */ = {isa = PBXFileReference; fileEncoding = 4; lastKnownFileType = sourcecode.swift; path = AppDelegate.swift; sourceTree = "<group>"; };
		F37BA2481AC931D700283A3B /* Base */ = {isa = PBXFileReference; lastKnownFileType = file.xib; name = Base; path = Base.lproj/LaunchScreen.xib; sourceTree = "<group>"; };
		F37BA2491AC931D700283A3B /* DefaultPathAlertView.swift */ = {isa = PBXFileReference; fileEncoding = 4; lastKnownFileType = sourcecode.swift; path = DefaultPathAlertView.swift; sourceTree = "<group>"; };
		F37BA24A1AC931D700283A3B /* DismissAnimationManager.swift */ = {isa = PBXFileReference; fileEncoding = 4; lastKnownFileType = sourcecode.swift; path = DismissAnimationManager.swift; sourceTree = "<group>"; };
		F37BA24B1AC931D700283A3B /* glass.png */ = {isa = PBXFileReference; lastKnownFileType = image.png; path = glass.png; sourceTree = "<group>"; };
		F37BA24C1AC931D700283A3B /* Images.xcassets */ = {isa = PBXFileReference; lastKnownFileType = folder.assetcatalog; path = Images.xcassets; sourceTree = "<group>"; };
		F37BA24D1AC931D700283A3B /* Info.plist */ = {isa = PBXFileReference; fileEncoding = 4; lastKnownFileType = text.plist.xml; path = Info.plist; sourceTree = "<group>"; };
		F37BA24E1AC931D700283A3B /* PTAlertBackgroundView.swift */ = {isa = PBXFileReference; fileEncoding = 4; lastKnownFileType = sourcecode.swift; path = PTAlertBackgroundView.swift; sourceTree = "<group>"; };
		F37BA24F1AC931D700283A3B /* PTAlertView-Bridging-Header.h */ = {isa = PBXFileReference; fileEncoding = 4; lastKnownFileType = sourcecode.c.h; path = "PTAlertView-Bridging-Header.h"; sourceTree = "<group>"; };
		F37BA2501AC931D700283A3B /* PTAlertView.swift */ = {isa = PBXFileReference; fileEncoding = 4; lastKnownFileType = sourcecode.swift; path = PTAlertView.swift; sourceTree = "<group>"; };
		F37BA2511AC931D700283A3B /* PTAlertViewController.swift */ = {isa = PBXFileReference; fileEncoding = 4; lastKnownFileType = sourcecode.swift; path = PTAlertViewController.swift; sourceTree = "<group>"; };
		F37BA2521AC931D700283A3B /* sample.png */ = {isa = PBXFileReference; lastKnownFileType = image.png; path = sample.png; sourceTree = "<group>"; };
		F37BA2531AC931D700283A3B /* SampleAlertView.swift */ = {isa = PBXFileReference; fileEncoding = 4; lastKnownFileType = sourcecode.swift; path = SampleAlertView.swift; sourceTree = "<group>"; };
		F37BA2541AC931D700283A3B /* SampleAlertView.xib */ = {isa = PBXFileReference; fileEncoding = 4; lastKnownFileType = file.xib; path = SampleAlertView.xib; sourceTree = "<group>"; };
		F37BA2551AC931D700283A3B /* SampleCollectionViewCell.xib */ = {isa = PBXFileReference; fileEncoding = 4; lastKnownFileType = file.xib; path = SampleCollectionViewCell.xib; sourceTree = "<group>"; };
		F37BA2561AC931D700283A3B /* SampleRedAlertView.xib */ = {isa = PBXFileReference; fileEncoding = 4; lastKnownFileType = file.xib; path = SampleRedAlertView.xib; sourceTree = "<group>"; };
		F37BA2571AC931D700283A3B /* SampleViewController.swift */ = {isa = PBXFileReference; fileEncoding = 4; lastKnownFileType = sourcecode.swift; path = SampleViewController.swift; sourceTree = "<group>"; };
		F37BA2581AC931D700283A3B /* SampleViewController.xib */ = {isa = PBXFileReference; fileEncoding = 4; lastKnownFileType = file.xib; path = SampleViewController.xib; sourceTree = "<group>"; };
		F37BA2591AC931D700283A3B /* ShowAnimationManager.swift */ = {isa = PBXFileReference; fileEncoding = 4; lastKnownFileType = sourcecode.swift; path = ShowAnimationManager.swift; sourceTree = "<group>"; };
		F37BA2731AC9320900283A3B /* Info.plist */ = {isa = PBXFileReference; fileEncoding = 4; lastKnownFileType = text.plist.xml; path = Info.plist; sourceTree = "<group>"; };
		F37BA2741AC9320900283A3B /* PTAlertViewTests.swift */ = {isa = PBXFileReference; fileEncoding = 4; lastKnownFileType = sourcecode.swift; path = PTAlertViewTests.swift; sourceTree = "<group>"; };
		F37BA27C1AC94BA400283A3B /* alertView.gif */ = {isa = PBXFileReference; lastKnownFileType = image.gif; path = alertView.gif; sourceTree = "<group>"; };
		F39BE74A1AC3D96500EC97EB /* PTAlertView.app */ = {isa = PBXFileReference; explicitFileType = wrapper.application; includeInIndex = 0; path = PTAlertView.app; sourceTree = BUILT_PRODUCTS_DIR; };
		F39BE75F1AC3D96500EC97EB /* PTAlertViewTests.xctest */ = {isa = PBXFileReference; explicitFileType = wrapper.cfbundle; includeInIndex = 0; path = PTAlertViewTests.xctest; sourceTree = BUILT_PRODUCTS_DIR; };
/* End PBXFileReference section */

/* Begin PBXFrameworksBuildPhase section */
		F39BE7471AC3D96500EC97EB /* Frameworks */ = {
			isa = PBXFrameworksBuildPhase;
			buildActionMask = 2147483647;
			files = (
			);
			runOnlyForDeploymentPostprocessing = 0;
		};
		F39BE75C1AC3D96500EC97EB /* Frameworks */ = {
			isa = PBXFrameworksBuildPhase;
			buildActionMask = 2147483647;
			files = (
			);
			runOnlyForDeploymentPostprocessing = 0;
		};
/* End PBXFrameworksBuildPhase section */

/* Begin PBXGroup section */
		F37BA2441AC931D700283A3B /* PTAlertView */ = {
			isa = PBXGroup;
			children = (
				F37BA2461AC931D700283A3B /* AppDelegate.swift */,
				F37BA2771AC9353E00283A3B /* Sample */,
				F37BA27B1AC9361900283A3B /* PTAlertView */,
				F37BA2791AC9356900283A3B /* AnimationManager */,
				F37BA27A1AC9358800283A3B /* Supporting File */,
				F37BA2471AC931D700283A3B /* LaunchScreen.xib */,
				F37BA24C1AC931D700283A3B /* Images.xcassets */,
			);
			path = PTAlertView;
			sourceTree = "<group>";
		};
		F37BA2721AC9320900283A3B /* PTAlertViewTests */ = {
			isa = PBXGroup;
			children = (
				F37BA2731AC9320900283A3B /* Info.plist */,
				F37BA2741AC9320900283A3B /* PTAlertViewTests.swift */,
			);
			path = PTAlertViewTests;
			sourceTree = "<group>";
		};
		F37BA2771AC9353E00283A3B /* Sample */ = {
			isa = PBXGroup;
			children = (
				F37BA2531AC931D700283A3B /* SampleAlertView.swift */,
				F37BA2541AC931D700283A3B /* SampleAlertView.xib */,
				F37BA2551AC931D700283A3B /* SampleCollectionViewCell.xib */,
				F37BA2561AC931D700283A3B /* SampleRedAlertView.xib */,
				F37BA2571AC931D700283A3B /* SampleViewController.swift */,
				F37BA2581AC931D700283A3B /* SampleViewController.xib */,
				F37BA2781AC9354900283A3B /* Resource */,
			);
			name = Sample;
			sourceTree = "<group>";
		};
		F37BA2781AC9354900283A3B /* Resource */ = {
			isa = PBXGroup;
			children = (
				F37BA27C1AC94BA400283A3B /* alertView.gif */,
				F37BA2521AC931D700283A3B /* sample.png */,
				F37BA24B1AC931D700283A3B /* glass.png */,
			);
			name = Resource;
			sourceTree = "<group>";
		};
		F37BA2791AC9356900283A3B /* AnimationManager */ = {
			isa = PBXGroup;
			children = (
				F37BA2591AC931D700283A3B /* ShowAnimationManager.swift */,
				F37BA24A1AC931D700283A3B /* DismissAnimationManager.swift */,
			);
			name = AnimationManager;
			sourceTree = "<group>";
		};
		F37BA27A1AC9358800283A3B /* Supporting File */ = {
			isa = PBXGroup;
			children = (
				F37BA24D1AC931D700283A3B /* Info.plist */,
				F37BA24F1AC931D700283A3B /* PTAlertView-Bridging-Header.h */,
			);
			name = "Supporting File";
			sourceTree = "<group>";
		};
		F37BA27B1AC9361900283A3B /* PTAlertView */ = {
			isa = PBXGroup;
			children = (
				F37BA2511AC931D700283A3B /* PTAlertViewController.swift */,
				F37BA2501AC931D700283A3B /* PTAlertView.swift */,
				F37BA24E1AC931D700283A3B /* PTAlertBackgroundView.swift */,
				F37BA2491AC931D700283A3B /* DefaultPathAlertView.swift */,
				F37BA2451AC931D700283A3B /* AlertAction.swift */,
			);
			name = PTAlertView;
			sourceTree = "<group>";
		};
		F39BE7411AC3D96500EC97EB = {
			isa = PBXGroup;
			children = (
				F37BA2441AC931D700283A3B /* PTAlertView */,
				F37BA2721AC9320900283A3B /* PTAlertViewTests */,
				F39BE74B1AC3D96500EC97EB /* Products */,
			);
			sourceTree = "<group>";
		};
		F39BE74B1AC3D96500EC97EB /* Products */ = {
			isa = PBXGroup;
			children = (
				F39BE74A1AC3D96500EC97EB /* PTAlertView.app */,
				F39BE75F1AC3D96500EC97EB /* PTAlertViewTests.xctest */,
			);
			name = Products;
			sourceTree = "<group>";
		};
/* End PBXGroup section */

/* Begin PBXNativeTarget section */
		F39BE7491AC3D96500EC97EB /* PTAlertView */ = {
			isa = PBXNativeTarget;
			buildConfigurationList = F39BE7691AC3D96500EC97EB /* Build configuration list for PBXNativeTarget "PTAlertView" */;
			buildPhases = (
				F39BE7461AC3D96500EC97EB /* Sources */,
				F39BE7471AC3D96500EC97EB /* Frameworks */,
				F39BE7481AC3D96500EC97EB /* Resources */,
			);
			buildRules = (
			);
			dependencies = (
			);
			name = PTAlertView;
			productName = PathAlertView;
			productReference = F39BE74A1AC3D96500EC97EB /* PTAlertView.app */;
			productType = "com.apple.product-type.application";
		};
		F39BE75E1AC3D96500EC97EB /* PTAlertViewTests */ = {
			isa = PBXNativeTarget;
			buildConfigurationList = F39BE76C1AC3D96500EC97EB /* Build configuration list for PBXNativeTarget "PTAlertViewTests" */;
			buildPhases = (
				F39BE75B1AC3D96500EC97EB /* Sources */,
				F39BE75C1AC3D96500EC97EB /* Frameworks */,
				F39BE75D1AC3D96500EC97EB /* Resources */,
			);
			buildRules = (
			);
			dependencies = (
				F39BE7611AC3D96500EC97EB /* PBXTargetDependency */,
			);
			name = PTAlertViewTests;
			productName = PathAlertViewTests;
			productReference = F39BE75F1AC3D96500EC97EB /* PTAlertViewTests.xctest */;
			productType = "com.apple.product-type.bundle.unit-test";
		};
/* End PBXNativeTarget section */

/* Begin PBXProject section */
		F39BE7421AC3D96500EC97EB /* Project object */ = {
			isa = PBXProject;
			attributes = {
				LastUpgradeCheck = 0620;
				ORGANIZATIONNAME = "kobashi kazuki";
				TargetAttributes = {
					F39BE7491AC3D96500EC97EB = {
						CreatedOnToolsVersion = 6.2;
					};
					F39BE75E1AC3D96500EC97EB = {
						CreatedOnToolsVersion = 6.2;
						TestTargetID = F39BE7491AC3D96500EC97EB;
					};
				};
			};
			buildConfigurationList = F39BE7451AC3D96500EC97EB /* Build configuration list for PBXProject "PTAlertView" */;
			compatibilityVersion = "Xcode 3.2";
			developmentRegion = English;
			hasScannedForEncodings = 0;
			knownRegions = (
				en,
				Base,
			);
			mainGroup = F39BE7411AC3D96500EC97EB;
			productRefGroup = F39BE74B1AC3D96500EC97EB /* Products */;
			projectDirPath = "";
			projectRoot = "";
			targets = (
				F39BE7491AC3D96500EC97EB /* PTAlertView */,
				F39BE75E1AC3D96500EC97EB /* PTAlertViewTests */,
			);
		};
/* End PBXProject section */

/* Begin PBXResourcesBuildPhase section */
		F39BE7481AC3D96500EC97EB /* Resources */ = {
			isa = PBXResourcesBuildPhase;
			buildActionMask = 2147483647;
			files = (
				F37BA2671AC931D700283A3B /* SampleAlertView.xib in Resources */,
				F37BA2601AC931D700283A3B /* Images.xcassets in Resources */,
				F37BA25F1AC931D700283A3B /* glass.png in Resources */,
				F37BA25C1AC931D700283A3B /* LaunchScreen.xib in Resources */,
				F37BA27D1AC94BA400283A3B /* alertView.gif in Resources */,
				F37BA2681AC931D700283A3B /* SampleCollectionViewCell.xib in Resources */,
				F37BA2651AC931D700283A3B /* sample.png in Resources */,
				F37BA26B1AC931D700283A3B /* SampleViewController.xib in Resources */,
				F37BA2691AC931D700283A3B /* SampleRedAlertView.xib in Resources */,
			);
			runOnlyForDeploymentPostprocessing = 0;
		};
		F39BE75D1AC3D96500EC97EB /* Resources */ = {
			isa = PBXResourcesBuildPhase;
			buildActionMask = 2147483647;
			files = (
			);
			runOnlyForDeploymentPostprocessing = 0;
		};
/* End PBXResourcesBuildPhase section */

/* Begin PBXSourcesBuildPhase section */
		F39BE7461AC3D96500EC97EB /* Sources */ = {
			isa = PBXSourcesBuildPhase;
			buildActionMask = 2147483647;
			files = (
				F37BA25B1AC931D700283A3B /* AppDelegate.swift in Sources */,
				F37BA2641AC931D700283A3B /* PTAlertViewController.swift in Sources */,
				F37BA2631AC931D700283A3B /* PTAlertView.swift in Sources */,
				F37BA26C1AC931D700283A3B /* ShowAnimationManager.swift in Sources */,
				F37BA25A1AC931D700283A3B /* AlertAction.swift in Sources */,
				F37BA25D1AC931D700283A3B /* DefaultPathAlertView.swift in Sources */,
				F37BA2661AC931D700283A3B /* SampleAlertView.swift in Sources */,
				F37BA2621AC931D700283A3B /* PTAlertBackgroundView.swift in Sources */,
				F37BA25E1AC931D700283A3B /* DismissAnimationManager.swift in Sources */,
				F37BA26A1AC931D700283A3B /* SampleViewController.swift in Sources */,
			);
			runOnlyForDeploymentPostprocessing = 0;
		};
		F39BE75B1AC3D96500EC97EB /* Sources */ = {
			isa = PBXSourcesBuildPhase;
			buildActionMask = 2147483647;
			files = (
				F37BA2761AC9320900283A3B /* PTAlertViewTests.swift in Sources */,
			);
			runOnlyForDeploymentPostprocessing = 0;
		};
/* End PBXSourcesBuildPhase section */

/* Begin PBXTargetDependency section */
		F39BE7611AC3D96500EC97EB /* PBXTargetDependency */ = {
			isa = PBXTargetDependency;
			target = F39BE7491AC3D96500EC97EB /* PTAlertView */;
			targetProxy = F39BE7601AC3D96500EC97EB /* PBXContainerItemProxy */;
		};
/* End PBXTargetDependency section */

/* Begin PBXVariantGroup section */
		F37BA2471AC931D700283A3B /* LaunchScreen.xib */ = {
			isa = PBXVariantGroup;
			children = (
				F37BA2481AC931D700283A3B /* Base */,
			);
			name = LaunchScreen.xib;
			sourceTree = "<group>";
		};
/* End PBXVariantGroup section */

/* Begin XCBuildConfiguration section */
		F39BE7671AC3D96500EC97EB /* Debug */ = {
			isa = XCBuildConfiguration;
			buildSettings = {
				ALWAYS_SEARCH_USER_PATHS = NO;
				CLANG_CXX_LANGUAGE_STANDARD = "gnu++0x";
				CLANG_CXX_LIBRARY = "libc++";
				CLANG_ENABLE_MODULES = YES;
				CLANG_ENABLE_OBJC_ARC = YES;
				CLANG_WARN_BOOL_CONVERSION = YES;
				CLANG_WARN_CONSTANT_CONVERSION = YES;
				CLANG_WARN_DIRECT_OBJC_ISA_USAGE = YES_ERROR;
				CLANG_WARN_EMPTY_BODY = YES;
				CLANG_WARN_ENUM_CONVERSION = YES;
				CLANG_WARN_INT_CONVERSION = YES;
				CLANG_WARN_OBJC_ROOT_CLASS = YES_ERROR;
				CLANG_WARN_UNREACHABLE_CODE = YES;
				CLANG_WARN__DUPLICATE_METHOD_MATCH = YES;
				CODE_SIGN_IDENTITY = "iPhone Developer: Junpei Matsumura (KXC42ZZ5NP)";
				"CODE_SIGN_IDENTITY[sdk=iphoneos*]" = "iPhone Developer: Junpei Matsumura (KXC42ZZ5NP)";
				COPY_PHASE_STRIP = NO;
				ENABLE_STRICT_OBJC_MSGSEND = YES;
				GCC_C_LANGUAGE_STANDARD = gnu99;
				GCC_DYNAMIC_NO_PIC = NO;
				GCC_OPTIMIZATION_LEVEL = 0;
				GCC_PREPROCESSOR_DEFINITIONS = (
					"DEBUG=1",
					"$(inherited)",
				);
				GCC_SYMBOLS_PRIVATE_EXTERN = NO;
				GCC_WARN_64_TO_32_BIT_CONVERSION = YES;
				GCC_WARN_ABOUT_RETURN_TYPE = YES_ERROR;
				GCC_WARN_UNDECLARED_SELECTOR = YES;
				GCC_WARN_UNINITIALIZED_AUTOS = YES_AGGRESSIVE;
				GCC_WARN_UNUSED_FUNCTION = YES;
				GCC_WARN_UNUSED_VARIABLE = YES;
				IPHONEOS_DEPLOYMENT_TARGET = 8.2;
				MTL_ENABLE_DEBUG_INFO = YES;
				ONLY_ACTIVE_ARCH = YES;
				PROVISIONING_PROFILE = "2E37DF46-FFCC-42AB-B5CE-AA159752BFC8";
				SDKROOT = iphoneos;
				SWIFT_OBJC_BRIDGING_HEADER = "PTAlertView/PTAlertView-Bridging-Header.h";
				SWIFT_OPTIMIZATION_LEVEL = "-Onone";
			};
			name = Debug;
		};
		F39BE7681AC3D96500EC97EB /* Release */ = {
			isa = XCBuildConfiguration;
			buildSettings = {
				ALWAYS_SEARCH_USER_PATHS = NO;
				CLANG_CXX_LANGUAGE_STANDARD = "gnu++0x";
				CLANG_CXX_LIBRARY = "libc++";
				CLANG_ENABLE_MODULES = YES;
				CLANG_ENABLE_OBJC_ARC = YES;
				CLANG_WARN_BOOL_CONVERSION = YES;
				CLANG_WARN_CONSTANT_CONVERSION = YES;
				CLANG_WARN_DIRECT_OBJC_ISA_USAGE = YES_ERROR;
				CLANG_WARN_EMPTY_BODY = YES;
				CLANG_WARN_ENUM_CONVERSION = YES;
				CLANG_WARN_INT_CONVERSION = YES;
				CLANG_WARN_OBJC_ROOT_CLASS = YES_ERROR;
				CLANG_WARN_UNREACHABLE_CODE = YES;
				CLANG_WARN__DUPLICATE_METHOD_MATCH = YES;
				CODE_SIGN_IDENTITY = "iPhone Developer: Junpei Matsumura (KXC42ZZ5NP)";
				"CODE_SIGN_IDENTITY[sdk=iphoneos*]" = "iPhone Developer: Junpei Matsumura (KXC42ZZ5NP)";
				COPY_PHASE_STRIP = NO;
				ENABLE_NS_ASSERTIONS = NO;
				ENABLE_STRICT_OBJC_MSGSEND = YES;
				GCC_C_LANGUAGE_STANDARD = gnu99;
				GCC_WARN_64_TO_32_BIT_CONVERSION = YES;
				GCC_WARN_ABOUT_RETURN_TYPE = YES_ERROR;
				GCC_WARN_UNDECLARED_SELECTOR = YES;
				GCC_WARN_UNINITIALIZED_AUTOS = YES_AGGRESSIVE;
				GCC_WARN_UNUSED_FUNCTION = YES;
				GCC_WARN_UNUSED_VARIABLE = YES;
				IPHONEOS_DEPLOYMENT_TARGET = 8.2;
				MTL_ENABLE_DEBUG_INFO = NO;
				PROVISIONING_PROFILE = "2E37DF46-FFCC-42AB-B5CE-AA159752BFC8";
				SDKROOT = iphoneos;
				SWIFT_OBJC_BRIDGING_HEADER = "PTAlertView/PTAlertView-Bridging-Header.h";
				VALIDATE_PRODUCT = YES;
			};
			name = Release;
		};
		F39BE76A1AC3D96500EC97EB /* Debug */ = {
			isa = XCBuildConfiguration;
			buildSettings = {
				ASSETCATALOG_COMPILER_APPICON_NAME = AppIcon;
				CODE_SIGN_IDENTITY = "iPhone Developer: Junpei Matsumura (KXC42ZZ5NP)";
				INFOPLIST_FILE = PTAlertView/Info.plist;
				IPHONEOS_DEPLOYMENT_TARGET = 7.0;
				LD_RUNPATH_SEARCH_PATHS = "$(inherited) @executable_path/Frameworks";
				PRODUCT_NAME = PTAlertView;
				PROVISIONING_PROFILE = "2E37DF46-FFCC-42AB-B5CE-AA159752BFC8";
				SWIFT_OBJC_BRIDGING_HEADER = "PTAlertView/PTAlertView-Bridging-Header.h";
			};
			name = Debug;
		};
		F39BE76B1AC3D96500EC97EB /* Release */ = {
			isa = XCBuildConfiguration;
			buildSettings = {
				ASSETCATALOG_COMPILER_APPICON_NAME = AppIcon;
				INFOPLIST_FILE = PTAlertView/Info.plist;
				IPHONEOS_DEPLOYMENT_TARGET = 7.0;
				LD_RUNPATH_SEARCH_PATHS = "$(inherited) @executable_path/Frameworks";
				PRODUCT_NAME = PTAlertView;
				PROVISIONING_PROFILE = "2E37DF46-FFCC-42AB-B5CE-AA159752BFC8";
				SWIFT_OBJC_BRIDGING_HEADER = "PTAlertView/PTAlertView-Bridging-Header.h";
			};
			name = Release;
		};
		F39BE76D1AC3D96500EC97EB /* Debug */ = {
			isa = XCBuildConfiguration;
			buildSettings = {
				BUNDLE_LOADER = "$(TEST_HOST)";
				FRAMEWORK_SEARCH_PATHS = (
					"$(SDKROOT)/Developer/Library/Frameworks",
					"$(inherited)",
				);
				GCC_PREPROCESSOR_DEFINITIONS = (
					"DEBUG=1",
					"$(inherited)",
				);
				INFOPLIST_FILE = PTAlertViewTests/Info.plist;
				LD_RUNPATH_SEARCH_PATHS = "$(inherited) @executable_path/Frameworks @loader_path/Frameworks";
				PRODUCT_NAME = PTAlertViewTests;
				TEST_HOST = "$(BUILT_PRODUCTS_DIR)/PathAlertView.app/PathAlertView";
			};
			name = Debug;
		};
		F39BE76E1AC3D96500EC97EB /* Release */ = {
			isa = XCBuildConfiguration;
			buildSettings = {
				BUNDLE_LOADER = "$(TEST_HOST)";
				FRAMEWORK_SEARCH_PATHS = (
					"$(SDKROOT)/Developer/Library/Frameworks",
					"$(inherited)",
				);
				INFOPLIST_FILE = PTAlertViewTests/Info.plist;
				LD_RUNPATH_SEARCH_PATHS = "$(inherited) @executable_path/Frameworks @loader_path/Frameworks";
				PRODUCT_NAME = PTAlertViewTests;
				TEST_HOST = "$(BUILT_PRODUCTS_DIR)/PathAlertView.app/PathAlertView";
			};
			name = Release;
		};
/* End XCBuildConfiguration section */

/* Begin XCConfigurationList section */
		F39BE7451AC3D96500EC97EB /* Build configuration list for PBXProject "PTAlertView" */ = {
			isa = XCConfigurationList;
			buildConfigurations = (
				F39BE7671AC3D96500EC97EB /* Debug */,
				F39BE7681AC3D96500EC97EB /* Release */,
			);
			defaultConfigurationIsVisible = 0;
			defaultConfigurationName = Release;
		};
		F39BE7691AC3D96500EC97EB /* Build configuration list for PBXNativeTarget "PTAlertView" */ = {
			isa = XCConfigurationList;
			buildConfigurations = (
				F39BE76A1AC3D96500EC97EB /* Debug */,
				F39BE76B1AC3D96500EC97EB /* Release */,
			);
			defaultConfigurationIsVisible = 0;
			defaultConfigurationName = Release;
		};
		F39BE76C1AC3D96500EC97EB /* Build configuration list for PBXNativeTarget "PTAlertViewTests" */ = {
			isa = XCConfigurationList;
			buildConfigurations = (
				F39BE76D1AC3D96500EC97EB /* Debug */,
				F39BE76E1AC3D96500EC97EB /* Release */,
			);
			defaultConfigurationIsVisible = 0;
			defaultConfigurationName = Release;
		};
/* End XCConfigurationList section */
	};
	rootObject = F39BE7421AC3D96500EC97EB /* Project object */;
}
