// !$*UTF8*$!
{
	archiveVersion = 1;
	classes = {
	};
	objectVersion = 46;
	objects = {

/* Begin PBXBuildFile section */
		06F354EBA8922552D7D22D78 /* Pods.framework in Frameworks */ = {isa = PBXBuildFile; fileRef = 0529AF93E1AE4161E38DFB58 /* Pods.framework */; settings = {ATTRIBUTES = (Weak, ); }; };
		F37BA2D71AC958FD00283A3B /* Images.xcassets in Resources */ = {isa = PBXBuildFile; fileRef = F37BA2D61AC958FD00283A3B /* Images.xcassets */; };
		F37BA2DA1AC958FD00283A3B /* LaunchScreen.xib in Resources */ = {isa = PBXBuildFile; fileRef = F37BA2D81AC958FD00283A3B /* LaunchScreen.xib */; };
		F37BA2E61AC958FD00283A3B /* PTAlertViewSampleTests.swift in Sources */ = {isa = PBXBuildFile; fileRef = F37BA2E51AC958FD00283A3B /* PTAlertViewSampleTests.swift */; };
		F37BA3051AC9596900283A3B /* SampleAlertView.swift in Sources */ = {isa = PBXBuildFile; fileRef = F37BA2FF1AC9596900283A3B /* SampleAlertView.swift */; };
		F37BA3061AC9596900283A3B /* SampleAlertView.xib in Resources */ = {isa = PBXBuildFile; fileRef = F37BA3001AC9596900283A3B /* SampleAlertView.xib */; };
		F37BA3071AC9596900283A3B /* SampleCollectionViewCell.xib in Resources */ = {isa = PBXBuildFile; fileRef = F37BA3011AC9596900283A3B /* SampleCollectionViewCell.xib */; };
		F37BA3081AC9596900283A3B /* SampleRedAlertView.xib in Resources */ = {isa = PBXBuildFile; fileRef = F37BA3021AC9596900283A3B /* SampleRedAlertView.xib */; };
		F37BA3091AC9596900283A3B /* SampleViewController.swift in Sources */ = {isa = PBXBuildFile; fileRef = F37BA3031AC9596900283A3B /* SampleViewController.swift */; };
		F37BA30A1AC9596900283A3B /* SampleViewController.xib in Resources */ = {isa = PBXBuildFile; fileRef = F37BA3041AC9596900283A3B /* SampleViewController.xib */; };
		F37BA30C1AC9597E00283A3B /* AppDelegate.swift in Sources */ = {isa = PBXBuildFile; fileRef = F37BA30B1AC9597E00283A3B /* AppDelegate.swift */; };
		F37BA3121AC9598F00283A3B /* glass.png in Resources */ = {isa = PBXBuildFile; fileRef = F37BA30F1AC9598F00283A3B /* glass.png */; };
		F37BA3131AC9598F00283A3B /* sample.png in Resources */ = {isa = PBXBuildFile; fileRef = F37BA3101AC9598F00283A3B /* sample.png */; };
/* End PBXBuildFile section */

/* Begin PBXContainerItemProxy section */
		F37BA2E01AC958FD00283A3B /* PBXContainerItemProxy */ = {
			isa = PBXContainerItemProxy;
			containerPortal = F37BA2C21AC958FD00283A3B /* Project object */;
			proxyType = 1;
			remoteGlobalIDString = F37BA2C91AC958FD00283A3B;
			remoteInfo = PTAlertViewSample;
		};
/* End PBXContainerItemProxy section */

/* Begin PBXFileReference section */
		0529AF93E1AE4161E38DFB58 /* Pods.framework */ = {isa = PBXFileReference; explicitFileType = wrapper.framework; includeInIndex = 0; path = Pods.framework; sourceTree = BUILT_PRODUCTS_DIR; };
		2D145CFB1AAA4158E778AA3E /* Pods.release.xcconfig */ = {isa = PBXFileReference; includeInIndex = 1; lastKnownFileType = text.xcconfig; name = Pods.release.xcconfig; path = "Pods/Target Support Files/Pods/Pods.release.xcconfig"; sourceTree = "<group>"; };
		AB1CFBC2D2E9D081A450FD82 /* Pods.debug.xcconfig */ = {isa = PBXFileReference; includeInIndex = 1; lastKnownFileType = text.xcconfig; name = Pods.debug.xcconfig; path = "Pods/Target Support Files/Pods/Pods.debug.xcconfig"; sourceTree = "<group>"; };
		F37BA2CA1AC958FD00283A3B /* PTAlertViewSample.app */ = {isa = PBXFileReference; explicitFileType = wrapper.application; includeInIndex = 0; path = PTAlertViewSample.app; sourceTree = BUILT_PRODUCTS_DIR; };
		F37BA2CE1AC958FD00283A3B /* Info.plist */ = {isa = PBXFileReference; lastKnownFileType = text.plist.xml; path = Info.plist; sourceTree = "<group>"; };
		F37BA2D61AC958FD00283A3B /* Images.xcassets */ = {isa = PBXFileReference; lastKnownFileType = folder.assetcatalog; path = Images.xcassets; sourceTree = "<group>"; };
		F37BA2D91AC958FD00283A3B /* Base */ = {isa = PBXFileReference; lastKnownFileType = file.xib; name = Base; path = Base.lproj/LaunchScreen.xib; sourceTree = "<group>"; };
		F37BA2DF1AC958FD00283A3B /* PTAlertViewSampleTests.xctest */ = {isa = PBXFileReference; explicitFileType = wrapper.cfbundle; includeInIndex = 0; path = PTAlertViewSampleTests.xctest; sourceTree = BUILT_PRODUCTS_DIR; };
		F37BA2E41AC958FD00283A3B /* Info.plist */ = {isa = PBXFileReference; lastKnownFileType = text.plist.xml; path = Info.plist; sourceTree = "<group>"; };
		F37BA2E51AC958FD00283A3B /* PTAlertViewSampleTests.swift */ = {isa = PBXFileReference; lastKnownFileType = sourcecode.swift; path = PTAlertViewSampleTests.swift; sourceTree = "<group>"; };
		F37BA2FF1AC9596900283A3B /* SampleAlertView.swift */ = {isa = PBXFileReference; fileEncoding = 4; lastKnownFileType = sourcecode.swift; path = SampleAlertView.swift; sourceTree = "<group>"; };
		F37BA3001AC9596900283A3B /* SampleAlertView.xib */ = {isa = PBXFileReference; fileEncoding = 4; lastKnownFileType = file.xib; path = SampleAlertView.xib; sourceTree = "<group>"; };
		F37BA3011AC9596900283A3B /* SampleCollectionViewCell.xib */ = {isa = PBXFileReference; fileEncoding = 4; lastKnownFileType = file.xib; path = SampleCollectionViewCell.xib; sourceTree = "<group>"; };
		F37BA3021AC9596900283A3B /* SampleRedAlertView.xib */ = {isa = PBXFileReference; fileEncoding = 4; lastKnownFileType = file.xib; path = SampleRedAlertView.xib; sourceTree = "<group>"; };
		F37BA3031AC9596900283A3B /* SampleViewController.swift */ = {isa = PBXFileReference; fileEncoding = 4; lastKnownFileType = sourcecode.swift; path = SampleViewController.swift; sourceTree = "<group>"; };
		F37BA3041AC9596900283A3B /* SampleViewController.xib */ = {isa = PBXFileReference; fileEncoding = 4; lastKnownFileType = file.xib; path = SampleViewController.xib; sourceTree = "<group>"; };
		F37BA30B1AC9597E00283A3B /* AppDelegate.swift */ = {isa = PBXFileReference; fileEncoding = 4; lastKnownFileType = sourcecode.swift; path = AppDelegate.swift; sourceTree = "<group>"; };
		F37BA30F1AC9598F00283A3B /* glass.png */ = {isa = PBXFileReference; lastKnownFileType = image.png; path = glass.png; sourceTree = "<group>"; };
		F37BA3101AC9598F00283A3B /* sample.png */ = {isa = PBXFileReference; lastKnownFileType = image.png; path = sample.png; sourceTree = "<group>"; };
/* End PBXFileReference section */

/* Begin PBXFrameworksBuildPhase section */
		F37BA2C71AC958FD00283A3B /* Frameworks */ = {
			isa = PBXFrameworksBuildPhase;
			buildActionMask = 2147483647;
			files = (
				06F354EBA8922552D7D22D78 /* Pods.framework in Frameworks */,
			);
			runOnlyForDeploymentPostprocessing = 0;
		};
		F37BA2DC1AC958FD00283A3B /* Frameworks */ = {
			isa = PBXFrameworksBuildPhase;
			buildActionMask = 2147483647;
			files = (
			);
			runOnlyForDeploymentPostprocessing = 0;
		};
/* End PBXFrameworksBuildPhase section */

/* Begin PBXGroup section */
		9AA72AD13AFD94C34FC0CEAF /* Pods */ = {
			isa = PBXGroup;
			children = (
				AB1CFBC2D2E9D081A450FD82 /* Pods.debug.xcconfig */,
				2D145CFB1AAA4158E778AA3E /* Pods.release.xcconfig */,
			);
			name = Pods;
			sourceTree = "<group>";
		};
		C6D7DFD84687D855D63CD569 /* Frameworks */ = {
			isa = PBXGroup;
			children = (
				0529AF93E1AE4161E38DFB58 /* Pods.framework */,
			);
			name = Frameworks;
			sourceTree = "<group>";
		};
		F37BA2C11AC958FD00283A3B = {
			isa = PBXGroup;
			children = (
				F37BA2CC1AC958FD00283A3B /* PTAlertViewSample */,
				F37BA2E21AC958FD00283A3B /* PTAlertViewSampleTests */,
				F37BA2CB1AC958FD00283A3B /* Products */,
				C6D7DFD84687D855D63CD569 /* Frameworks */,
				9AA72AD13AFD94C34FC0CEAF /* Pods */,
			);
			sourceTree = "<group>";
		};
		F37BA2CB1AC958FD00283A3B /* Products */ = {
			isa = PBXGroup;
			children = (
				F37BA2CA1AC958FD00283A3B /* PTAlertViewSample.app */,
				F37BA2DF1AC958FD00283A3B /* PTAlertViewSampleTests.xctest */,
			);
			name = Products;
			sourceTree = "<group>";
		};
		F37BA2CC1AC958FD00283A3B /* PTAlertViewSample */ = {
			isa = PBXGroup;
			children = (
				F37BA30B1AC9597E00283A3B /* AppDelegate.swift */,
				F37BA2FF1AC9596900283A3B /* SampleAlertView.swift */,
				F37BA3001AC9596900283A3B /* SampleAlertView.xib */,
				F37BA3011AC9596900283A3B /* SampleCollectionViewCell.xib */,
				F37BA3021AC9596900283A3B /* SampleRedAlertView.xib */,
				F37BA3031AC9596900283A3B /* SampleViewController.swift */,
				F37BA3041AC9596900283A3B /* SampleViewController.xib */,
				F37BA2D61AC958FD00283A3B /* Images.xcassets */,
				F37BA2D81AC958FD00283A3B /* LaunchScreen.xib */,
				F37BA2CD1AC958FD00283A3B /* Supporting Files */,
			);
			path = PTAlertViewSample;
			sourceTree = "<group>";
		};
		F37BA2CD1AC958FD00283A3B /* Supporting Files */ = {
			isa = PBXGroup;
			children = (
				F37BA30D1AC9598F00283A3B /* image */,
				F37BA2CE1AC958FD00283A3B /* Info.plist */,
			);
			name = "Supporting Files";
			sourceTree = "<group>";
		};
		F37BA2E21AC958FD00283A3B /* PTAlertViewSampleTests */ = {
			isa = PBXGroup;
			children = (
				F37BA2E51AC958FD00283A3B /* PTAlertViewSampleTests.swift */,
				F37BA2E31AC958FD00283A3B /* Supporting Files */,
			);
			path = PTAlertViewSampleTests;
			sourceTree = "<group>";
		};
		F37BA2E31AC958FD00283A3B /* Supporting Files */ = {
			isa = PBXGroup;
			children = (
				F37BA2E41AC958FD00283A3B /* Info.plist */,
			);
			name = "Supporting Files";
			sourceTree = "<group>";
		};
		F37BA30D1AC9598F00283A3B /* image */ = {
			isa = PBXGroup;
			children = (
				F37BA30F1AC9598F00283A3B /* glass.png */,
				F37BA3101AC9598F00283A3B /* sample.png */,
			);
			path = image;
			sourceTree = "<group>";
		};
/* End PBXGroup section */

/* Begin PBXNativeTarget section */
		F37BA2C91AC958FD00283A3B /* PTAlertViewSample */ = {
			isa = PBXNativeTarget;
			buildConfigurationList = F37BA2E91AC958FD00283A3B /* Build configuration list for PBXNativeTarget "PTAlertViewSample" */;
			buildPhases = (
				9A7559D51ABF3BEE95588A36 /* Check Pods Manifest.lock */,
				F37BA2C61AC958FD00283A3B /* Sources */,
				F37BA2C71AC958FD00283A3B /* Frameworks */,
				F37BA2C81AC958FD00283A3B /* Resources */,
				3CBC8981048E726AB9BEC0D6 /* Embed Pods Frameworks */,
				68727CCFEBAAA421E73BF211 /* Copy Pods Resources */,
			);
			buildRules = (
			);
			dependencies = (
			);
			name = PTAlertViewSample;
			productName = PTAlertViewSample;
			productReference = F37BA2CA1AC958FD00283A3B /* PTAlertViewSample.app */;
			productType = "com.apple.product-type.application";
		};
		F37BA2DE1AC958FD00283A3B /* PTAlertViewSampleTests */ = {
			isa = PBXNativeTarget;
			buildConfigurationList = F37BA2EC1AC958FD00283A3B /* Build configuration list for PBXNativeTarget "PTAlertViewSampleTests" */;
			buildPhases = (
				F37BA2DB1AC958FD00283A3B /* Sources */,
				F37BA2DC1AC958FD00283A3B /* Frameworks */,
				F37BA2DD1AC958FD00283A3B /* Resources */,
			);
			buildRules = (
			);
			dependencies = (
				F37BA2E11AC958FD00283A3B /* PBXTargetDependency */,
			);
			name = PTAlertViewSampleTests;
			productName = PTAlertViewSampleTests;
			productReference = F37BA2DF1AC958FD00283A3B /* PTAlertViewSampleTests.xctest */;
			productType = "com.apple.product-type.bundle.unit-test";
		};
/* End PBXNativeTarget section */

/* Begin PBXProject section */
		F37BA2C21AC958FD00283A3B /* Project object */ = {
			isa = PBXProject;
			attributes = {
				LastUpgradeCheck = 0620;
				ORGANIZATIONNAME = "kobashi kazuki";
				TargetAttributes = {
					F37BA2C91AC958FD00283A3B = {
						CreatedOnToolsVersion = 6.2;
					};
					F37BA2DE1AC958FD00283A3B = {
						CreatedOnToolsVersion = 6.2;
						TestTargetID = F37BA2C91AC958FD00283A3B;
					};
				};
			};
			buildConfigurationList = F37BA2C51AC958FD00283A3B /* Build configuration list for PBXProject "PTAlertViewSample" */;
			compatibilityVersion = "Xcode 3.2";
			developmentRegion = English;
			hasScannedForEncodings = 0;
			knownRegions = (
				en,
				Base,
			);
			mainGroup = F37BA2C11AC958FD00283A3B;
			productRefGroup = F37BA2CB1AC958FD00283A3B /* Products */;
			projectDirPath = "";
			projectRoot = "";
			targets = (
				F37BA2C91AC958FD00283A3B /* PTAlertViewSample */,
				F37BA2DE1AC958FD00283A3B /* PTAlertViewSampleTests */,
			);
		};
/* End PBXProject section */

/* Begin PBXResourcesBuildPhase section */
		F37BA2C81AC958FD00283A3B /* Resources */ = {
			isa = PBXResourcesBuildPhase;
			buildActionMask = 2147483647;
			files = (
				F37BA2DA1AC958FD00283A3B /* LaunchScreen.xib in Resources */,
				F37BA3061AC9596900283A3B /* SampleAlertView.xib in Resources */,
				F37BA3131AC9598F00283A3B /* sample.png in Resources */,
				F37BA3071AC9596900283A3B /* SampleCollectionViewCell.xib in Resources */,
				F37BA3081AC9596900283A3B /* SampleRedAlertView.xib in Resources */,
				F37BA30A1AC9596900283A3B /* SampleViewController.xib in Resources */,
				F37BA3121AC9598F00283A3B /* glass.png in Resources */,
				F37BA2D71AC958FD00283A3B /* Images.xcassets in Resources */,
			);
			runOnlyForDeploymentPostprocessing = 0;
		};
		F37BA2DD1AC958FD00283A3B /* Resources */ = {
			isa = PBXResourcesBuildPhase;
			buildActionMask = 2147483647;
			files = (
			);
			runOnlyForDeploymentPostprocessing = 0;
		};
/* End PBXResourcesBuildPhase section */

/* Begin PBXShellScriptBuildPhase section */
		3CBC8981048E726AB9BEC0D6 /* Embed Pods Frameworks */ = {
			isa = PBXShellScriptBuildPhase;
			buildActionMask = 2147483647;
			files = (
			);
			inputPaths = (
			);
			name = "Embed Pods Frameworks";
			outputPaths = (
			);
			runOnlyForDeploymentPostprocessing = 0;
			shellPath = /bin/sh;
			shellScript = "\"${SRCROOT}/Pods/Target Support Files/Pods/Pods-frameworks.sh\"\n";
			showEnvVarsInLog = 0;
		};
		68727CCFEBAAA421E73BF211 /* Copy Pods Resources */ = {
			isa = PBXShellScriptBuildPhase;
			buildActionMask = 2147483647;
			files = (
			);
			inputPaths = (
			);
			name = "Copy Pods Resources";
			outputPaths = (
			);
			runOnlyForDeploymentPostprocessing = 0;
			shellPath = /bin/sh;
			shellScript = "\"${SRCROOT}/Pods/Target Support Files/Pods/Pods-resources.sh\"\n";
			showEnvVarsInLog = 0;
		};
		9A7559D51ABF3BEE95588A36 /* Check Pods Manifest.lock */ = {
			isa = PBXShellScriptBuildPhase;
			buildActionMask = 2147483647;
			files = (
			);
			inputPaths = (
			);
			name = "Check Pods Manifest.lock";
			outputPaths = (
			);
			runOnlyForDeploymentPostprocessing = 0;
			shellPath = /bin/sh;
			shellScript = "diff \"${PODS_ROOT}/../Podfile.lock\" \"${PODS_ROOT}/Manifest.lock\" > /dev/null\nif [[ $? != 0 ]] ; then\n    cat << EOM\nerror: The sandbox is not in sync with the Podfile.lock. Run 'pod install' or update your CocoaPods installation.\nEOM\n    exit 1\nfi\n";
			showEnvVarsInLog = 0;
		};
/* End PBXShellScriptBuildPhase section */

/* Begin PBXSourcesBuildPhase section */
		F37BA2C61AC958FD00283A3B /* Sources */ = {
			isa = PBXSourcesBuildPhase;
			buildActionMask = 2147483647;
			files = (
				F37BA3051AC9596900283A3B /* SampleAlertView.swift in Sources */,
				F37BA30C1AC9597E00283A3B /* AppDelegate.swift in Sources */,
				F37BA3091AC9596900283A3B /* SampleViewController.swift in Sources */,
			);
			runOnlyForDeploymentPostprocessing = 0;
		};
		F37BA2DB1AC958FD00283A3B /* Sources */ = {
			isa = PBXSourcesBuildPhase;
			buildActionMask = 2147483647;
			files = (
				F37BA2E61AC958FD00283A3B /* PTAlertViewSampleTests.swift in Sources */,
			);
			runOnlyForDeploymentPostprocessing = 0;
		};
/* End PBXSourcesBuildPhase section */

/* Begin PBXTargetDependency section */
		F37BA2E11AC958FD00283A3B /* PBXTargetDependency */ = {
			isa = PBXTargetDependency;
			target = F37BA2C91AC958FD00283A3B /* PTAlertViewSample */;
			targetProxy = F37BA2E01AC958FD00283A3B /* PBXContainerItemProxy */;
		};
/* End PBXTargetDependency section */

/* Begin PBXVariantGroup section */
		F37BA2D81AC958FD00283A3B /* LaunchScreen.xib */ = {
			isa = PBXVariantGroup;
			children = (
				F37BA2D91AC958FD00283A3B /* Base */,
			);
			name = LaunchScreen.xib;
			sourceTree = "<group>";
		};
/* End PBXVariantGroup section */

/* Begin XCBuildConfiguration section */
		F37BA2E71AC958FD00283A3B /* Debug */ = {
			isa = XCBuildConfiguration;
			buildSettings = {
				ALWAYS_SEARCH_USER_PATHS = NO;
				CLANG_CXX_LANGUAGE_STANDARD = "gnu++0x";
				CLANG_CXX_LIBRARY = "libc++";
				CLANG_ENABLE_MODULES = NO;
				CLANG_ENABLE_OBJC_ARC = YES;
				CLANG_MODULES_AUTOLINK = NO;
				CLANG_WARN_BOOL_CONVERSION = YES;
				CLANG_WARN_CONSTANT_CONVERSION = YES;
				CLANG_WARN_DIRECT_OBJC_ISA_USAGE = YES_ERROR;
				CLANG_WARN_EMPTY_BODY = YES;
				CLANG_WARN_ENUM_CONVERSION = YES;
				CLANG_WARN_INT_CONVERSION = YES;
				CLANG_WARN_OBJC_ROOT_CLASS = YES_ERROR;
				CLANG_WARN_UNREACHABLE_CODE = YES;
				CLANG_WARN__DUPLICATE_METHOD_MATCH = YES;
				"CODE_SIGN_IDENTITY[sdk=iphoneos*]" = "iPhone Developer";
				COPY_PHASE_STRIP = NO;
				ENABLE_STRICT_OBJC_MSGSEND = YES;
				GCC_C_LANGUAGE_STANDARD = gnu99;
				GCC_DYNAMIC_NO_PIC = NO;
				GCC_OPTIMIZATION_LEVEL = 0;
				GCC_PREPROCESSOR_DEFINITIONS = (
					"DEBUG=1",
					"$(inherited)",
				);
				GCC_SYMBOLS_PRIVATE_EXTERN = NO;
				GCC_WARN_64_TO_32_BIT_CONVERSION = YES;
				GCC_WARN_ABOUT_RETURN_TYPE = YES_ERROR;
				GCC_WARN_UNDECLARED_SELECTOR = YES;
				GCC_WARN_UNINITIALIZED_AUTOS = YES_AGGRESSIVE;
				GCC_WARN_UNUSED_FUNCTION = YES;
				GCC_WARN_UNUSED_VARIABLE = YES;
				IPHONEOS_DEPLOYMENT_TARGET = 8.0;
				MTL_ENABLE_DEBUG_INFO = YES;
				ONLY_ACTIVE_ARCH = YES;
				SDKROOT = iphoneos;
				SWIFT_OPTIMIZATION_LEVEL = "-Onone";
			};
			name = Debug;
		};
		F37BA2E81AC958FD00283A3B /* Release */ = {
			isa = XCBuildConfiguration;
			buildSettings = {
				ALWAYS_SEARCH_USER_PATHS = NO;
				CLANG_CXX_LANGUAGE_STANDARD = "gnu++0x";
				CLANG_CXX_LIBRARY = "libc++";
				CLANG_ENABLE_MODULES = NO;
				CLANG_ENABLE_OBJC_ARC = YES;
				CLANG_MODULES_AUTOLINK = NO;
				CLANG_WARN_BOOL_CONVERSION = YES;
				CLANG_WARN_CONSTANT_CONVERSION = YES;
				CLANG_WARN_DIRECT_OBJC_ISA_USAGE = YES_ERROR;
				CLANG_WARN_EMPTY_BODY = YES;
				CLANG_WARN_ENUM_CONVERSION = YES;
				CLANG_WARN_INT_CONVERSION = YES;
				CLANG_WARN_OBJC_ROOT_CLASS = YES_ERROR;
				CLANG_WARN_UNREACHABLE_CODE = YES;
				CLANG_WARN__DUPLICATE_METHOD_MATCH = YES;
				"CODE_SIGN_IDENTITY[sdk=iphoneos*]" = "iPhone Developer";
				COPY_PHASE_STRIP = NO;
				ENABLE_NS_ASSERTIONS = NO;
				ENABLE_STRICT_OBJC_MSGSEND = YES;
				GCC_C_LANGUAGE_STANDARD = gnu99;
				GCC_WARN_64_TO_32_BIT_CONVERSION = YES;
				GCC_WARN_ABOUT_RETURN_TYPE = YES_ERROR;
				GCC_WARN_UNDECLARED_SELECTOR = YES;
				GCC_WARN_UNINITIALIZED_AUTOS = YES_AGGRESSIVE;
				GCC_WARN_UNUSED_FUNCTION = YES;
				GCC_WARN_UNUSED_VARIABLE = YES;
				IPHONEOS_DEPLOYMENT_TARGET = 8.0;
				MTL_ENABLE_DEBUG_INFO = NO;
				SDKROOT = iphoneos;
				VALIDATE_PRODUCT = YES;
			};
			name = Release;
		};
		F37BA2EA1AC958FD00283A3B /* Debug */ = {
			isa = XCBuildConfiguration;
			baseConfigurationReference = AB1CFBC2D2E9D081A450FD82 /* Pods.debug.xcconfig */;
			buildSettings = {
				ASSETCATALOG_COMPILER_APPICON_NAME = AppIcon;
				INFOPLIST_FILE = PTAlertViewSample/Info.plist;
				IPHONEOS_DEPLOYMENT_TARGET = 8.0;
				LD_RUNPATH_SEARCH_PATHS = "$(inherited) @executable_path/Frameworks";
				PRODUCT_NAME = "$(TARGET_NAME)";
			};
			name = Debug;
		};
		F37BA2EB1AC958FD00283A3B /* Release */ = {
			isa = XCBuildConfiguration;
			baseConfigurationReference = 2D145CFB1AAA4158E778AA3E /* Pods.release.xcconfig */;
			buildSettings = {
				ASSETCATALOG_COMPILER_APPICON_NAME = AppIcon;
				INFOPLIST_FILE = PTAlertViewSample/Info.plist;
				IPHONEOS_DEPLOYMENT_TARGET = 8.0;
				LD_RUNPATH_SEARCH_PATHS = "$(inherited) @executable_path/Frameworks";
				PRODUCT_NAME = "$(TARGET_NAME)";
			};
			name = Release;
		};
		F37BA2ED1AC958FD00283A3B /* Debug */ = {
			isa = XCBuildConfiguration;
			buildSettings = {
				BUNDLE_LOADER = "$(TEST_HOST)";
				FRAMEWORK_SEARCH_PATHS = (
					"$(SDKROOT)/Developer/Library/Frameworks",
					"$(inherited)",
				);
				GCC_PREPROCESSOR_DEFINITIONS = (
					"DEBUG=1",
					"$(inherited)",
				);
				INFOPLIST_FILE = PTAlertViewSampleTests/Info.plist;
				LD_RUNPATH_SEARCH_PATHS = "$(inherited) @executable_path/Frameworks @loader_path/Frameworks";
				PRODUCT_NAME = "$(TARGET_NAME)";
				TEST_HOST = "$(BUILT_PRODUCTS_DIR)/PTAlertViewSample.app/PTAlertViewSample";
			};
			name = Debug;
		};
		F37BA2EE1AC958FD00283A3B /* Release */ = {
			isa = XCBuildConfiguration;
			buildSettings = {
				BUNDLE_LOADER = "$(TEST_HOST)";
				FRAMEWORK_SEARCH_PATHS = (
					"$(SDKROOT)/Developer/Library/Frameworks",
					"$(inherited)",
				);
				INFOPLIST_FILE = PTAlertViewSampleTests/Info.plist;
				LD_RUNPATH_SEARCH_PATHS = "$(inherited) @executable_path/Frameworks @loader_path/Frameworks";
				PRODUCT_NAME = "$(TARGET_NAME)";
				TEST_HOST = "$(BUILT_PRODUCTS_DIR)/PTAlertViewSample.app/PTAlertViewSample";
			};
			name = Release;
		};
/* End XCBuildConfiguration section */

/* Begin XCConfigurationList section */
		F37BA2C51AC958FD00283A3B /* Build configuration list for PBXProject "PTAlertViewSample" */ = {
			isa = XCConfigurationList;
			buildConfigurations = (
				F37BA2E71AC958FD00283A3B /* Debug */,
				F37BA2E81AC958FD00283A3B /* Release */,
			);
			defaultConfigurationIsVisible = 0;
			defaultConfigurationName = Release;
		};
		F37BA2E91AC958FD00283A3B /* Build configuration list for PBXNativeTarget "PTAlertViewSample" */ = {
			isa = XCConfigurationList;
			buildConfigurations = (
				F37BA2EA1AC958FD00283A3B /* Debug */,
				F37BA2EB1AC958FD00283A3B /* Release */,
			);
			defaultConfigurationIsVisible = 0;
			defaultConfigurationName = Release;
		};
		F37BA2EC1AC958FD00283A3B /* Build configuration list for PBXNativeTarget "PTAlertViewSampleTests" */ = {
			isa = XCConfigurationList;
			buildConfigurations = (
				F37BA2ED1AC958FD00283A3B /* Debug */,
				F37BA2EE1AC958FD00283A3B /* Release */,
			);
			defaultConfigurationIsVisible = 0;
			defaultConfigurationName = Release;
		};
/* End XCConfigurationList section */
	};
	rootObject = F37BA2C21AC958FD00283A3B /* Project object */;
}
